{
  "repository": "https://github.com/AsahiLinux/m1n1.git",
  "commit": "1c98fd09817cede0043d25c95fb540dbd683ef18",
  "files": {
    "Makefile": "efedd453f35d8ee98935d251e305a7c0290b96e448f2278a8c51c8b21736ceb8",
    "proxyclient/m1n1/hv/vel2.py": "ba76bb6e2b612ee0196c56983ac4f804c084f124c83e70774369117a5258b79b",
    "proxyclient/m1n1/proxy.py": "266634b1f502c5b28956c0ad5556a360c694e729d0b0c303c4bf6226de52f978",
    "src/hv_exc.c": "8cbbda2795c501656e8a74c283dc21f0d9594d897484683ca2de77bdbf00d34c",
    "src/hv_vel2.c": "d4cdb9a38ec440f9fab404bbe528c39a4ef532b00e2887e50de45eea9a6914a8",
    "src/hv_vel2.h": "1740326de9594c76bc81c43fa0f926778db1cfde13abe8207c7e35459356b9a5",
    "src/proxy.c": "ec9a4050b1e1f3a4b11e7240e77b721f38705278170074e947d54bfb293a06f8",
    "src/proxy.h": "b16cc6d3175682f7763715299ff47c92c360e7b237a397486596c8c1e3c483a1",
    "src/vel2_state.c": "224cd69338ac76bc726de83cfa3c27b6bd6f9849e7fbd99334b23cb0f6f6b546",
    "src/vel2_state.h": "d9001d2af0c242e1443ec0184327999759caa9dadf6b53c4d3be8d48a5ded7fc",
    "src/vel2_step_filter.c": "4a69cd75bb43216c45274e7b150a9238676d88110c679f22edf4f4b90355f64c",
    "src/vel2_step_filter.h": "e5df24c37ba535501ef5d5ab32d0de01fdd32fbbe0cb363b45e2de83e5bccbd4",
    "src/vel2_trace.c": "2ea87f29b7dbe54e3452fdb3e659a29687c5e4c2d65ef27af0ec629890bcfc53",
    "src/vel2_trace.h": "da794054df5951b11acc882092ebd4e21e439e139e519be1380ef383d8d1b614",
    "tests/python/test_proxyclient/test_m1n1/test_proxy_vel2.py": "0158f4240ad9393958f45b0c11d6c6044686bc1bebaf8e77e81ffbdc3cd9abbf"
  },
  "base_files": {
    "Makefile": "f2b34df5f8cf20fb7e2f1408260f2bd480077d7db387f3f7d085973a3f0f4824",
    "proxyclient/m1n1/proxy.py": "a83b4fff20ccb8ca72f5bcd9c1186222ff422cc05aa83febc781edd0b97049ab",
    "src/hv_exc.c": "d14b2f3f377e933309ef95e0ce6a01cecd18efda9e71c5b28e1f908cb1d321d9",
    "src/proxy.c": "fec4c060594abe8090c54b9f1351c54fdb4234887d5f2834b0f5eb2d726ac7d0",
    "src/proxy.h": "fa6b5ab6b04dbe57008b636219e34d6bb4220083a5a45fde09ececcd7a5b5105"
  },
  "patches": {
    "patches/m1n1/0002-experimental-virtual-el2.patch": "1da9f270de7b4fc4df600490fa4c63b1d2236408cb89aff47b131264bbed8e11"
  }
}
