{
  "repository": "https://github.com/AsahiLinux/m1n1.git",
  "commit": "1c98fd09817cede0043d25c95fb540dbd683ef18",
  "files": {
    "Makefile": "efedd453f35d8ee98935d251e305a7c0290b96e448f2278a8c51c8b21736ceb8",
    "proxyclient/m1n1/hv/vel2.py": "ba76bb6e2b612ee0196c56983ac4f804c084f124c83e70774369117a5258b79b",
    "proxyclient/m1n1/proxy.py": "47b7187fb805f1a996ee4e6f128ec2054cf46e2970984029605d5b48a2977e29",
    "src/hv_exc.c": "8cbbda2795c501656e8a74c283dc21f0d9594d897484683ca2de77bdbf00d34c",
    "src/hv_vel2.c": "c3330994ea6cd395888611c898bbaee05a98353f0e2ae4a9d7c2a03628e9c2f2",
    "src/hv_vel2.h": "f8800b49c664a55c4453804770cb0dad448aedbac4bb9aa89ea9aa2b28d98c60",
    "src/proxy.c": "61cb808ccd73f167a8823758d1d4701609e08ae33496c06e6a9417b0f1198d18",
    "src/proxy.h": "dc8546ca63c7f9b12ff093be882b35ee3dfa8de941e668bb608111278afb6225",
    "src/vel2_state.c": "224cd69338ac76bc726de83cfa3c27b6bd6f9849e7fbd99334b23cb0f6f6b546",
    "src/vel2_state.h": "d9001d2af0c242e1443ec0184327999759caa9dadf6b53c4d3be8d48a5ded7fc",
    "src/vel2_step_filter.c": "4a69cd75bb43216c45274e7b150a9238676d88110c679f22edf4f4b90355f64c",
    "src/vel2_step_filter.h": "e5df24c37ba535501ef5d5ab32d0de01fdd32fbbe0cb363b45e2de83e5bccbd4",
    "src/vel2_trace.c": "2ea87f29b7dbe54e3452fdb3e659a29687c5e4c2d65ef27af0ec629890bcfc53",
    "src/vel2_trace.h": "da794054df5951b11acc882092ebd4e21e439e139e519be1380ef383d8d1b614",
    "tests/python/test_proxyclient/test_m1n1/test_proxy_vel2.py": "9b142757985197727f1d8e206c2ef97333402a2b059e5d245cddd9d86959cce8"
  },
  "base_files": {
    "Makefile": "f2b34df5f8cf20fb7e2f1408260f2bd480077d7db387f3f7d085973a3f0f4824",
    "proxyclient/m1n1/proxy.py": "a83b4fff20ccb8ca72f5bcd9c1186222ff422cc05aa83febc781edd0b97049ab",
    "src/hv_exc.c": "d14b2f3f377e933309ef95e0ce6a01cecd18efda9e71c5b28e1f908cb1d321d9",
    "src/proxy.c": "fec4c060594abe8090c54b9f1351c54fdb4234887d5f2834b0f5eb2d726ac7d0",
    "src/proxy.h": "fa6b5ab6b04dbe57008b636219e34d6bb4220083a5a45fde09ececcd7a5b5105"
  },
  "patches": {
    "patches/m1n1/0002-experimental-virtual-el2.patch": "3e15bd191a186b3605962bdb8f48399c77aa8655efd305ea05ceb50ad1814d2c"
  }
}
